{
    "hash": "0d3b45279862bc6cc5157480131c4764",
    "packages": [
        {
            "package": "kriswallsmith/buzz",
            "version": "dev-master",
            "source-reference": "2ba5da13b1b03590f0164b3fb61578078d671fcc",
            "commit-date": "1341070218"
        },
        {
            "package": "marcw/buzz-service-provider",
            "version": "dev-master",
            "source-reference": "f698ac0259d55a0209b344ac9978f0d6107d920f",
            "commit-date": "1340705421"
        },
        {
            "package": "pimple/pimple",
            "version": "dev-master",
            "alias-pretty-version": "1.0.x-dev",
            "alias-version": "1.0.9999999.9999999-dev"
        },
        {
            "package": "pimple/pimple",
            "version": "dev-master",
            "source-reference": "db836b8cfadc0f39dacafa2bf311a1ab603600bb",
            "commit-date": "1343051648"
        },
        {
            "package": "symfony/console",
            "version": "dev-master",
            "alias-pretty-version": "2.1.x-dev",
            "alias-version": "2.1.9999999.9999999-dev"
        },
        {
            "package": "symfony/console",
            "version": "dev-master",
            "source-reference": "v2.1.0-BETA4",
            "commit-date": "1342347231"
        },
        {
            "package": "symfony/yaml",
            "version": "dev-master",
            "alias-pretty-version": "2.1.x-dev",
            "alias-version": "2.1.9999999.9999999-dev"
        },
        {
            "package": "symfony/yaml",
            "version": "dev-master",
            "source-reference": "v2.1.0-BETA4",
            "commit-date": "1342347231"
        }
    ],
    "packages-dev": null,
    "aliases": [

    ],
    "minimum-stability": "dev",
    "stability-flags": [

    ]
}
